// !$*UTF8*$!
{
	archiveVersion = 1;
	classes = {
	};
	objectVersion = 45;
	objects = {

/* Begin PBXBuildFile section */
		3C440A7A117EC2EE00161EBF /* ANTLRTree.h in Headers */ = {isa = PBXBuildFile; fileRef = 3C440A78117EC2EE00161EBF /* ANTLRTree.h */; };
		3C440A7B117EC2EE00161EBF /* ANTLRTree.m in Sources */ = {isa = PBXBuildFile; fileRef = 3C440A79117EC2EE00161EBF /* ANTLRTree.m */; };
		3C440A7D117EC31A00161EBF /* ANTLRIntStream.h in Headers */ = {isa = PBXBuildFile; fileRef = 3C440A7C117EC31A00161EBF /* ANTLRIntStream.h */; };
		3C440A7F117EC32700161EBF /* ANTLRCharStream.h in Headers */ = {isa = PBXBuildFile; fileRef = 3C440A7E117EC32700161EBF /* ANTLRCharStream.h */; };
		3C440A85117EC37800161EBF /* ANTLRBitSet.h in Headers */ = {isa = PBXBuildFile; fileRef = 3C440A83117EC37800161EBF /* ANTLRBitSet.h */; };
		3C440A86117EC37800161EBF /* ANTLRBitSet.m in Sources */ = {isa = PBXBuildFile; fileRef = 3C440A84117EC37800161EBF /* ANTLRBitSet.m */; };
		3C440A90117EC3DE00161EBF /* ANTLRTokenSource.h in Headers */ = {isa = PBXBuildFile; fileRef = 3C440A8F117EC3DE00161EBF /* ANTLRTokenSource.h */; };
		3C440A92117EC3FA00161EBF /* ANTLR.h in Headers */ = {isa = PBXBuildFile; fileRef = 3C440A91117EC3FA00161EBF /* ANTLR.h */; };
		3C440A96117EC45D00161EBF /* ANTLRStringStream.h in Headers */ = {isa = PBXBuildFile; fileRef = 3C440A94117EC45D00161EBF /* ANTLRStringStream.h */; };
		3C440A97117EC45D00161EBF /* ANTLRStringStream.m in Sources */ = {isa = PBXBuildFile; fileRef = 3C440A95117EC45D00161EBF /* ANTLRStringStream.m */; };
		3C440A9D117EC55000161EBF /* ANTLRCharStreamState.h in Headers */ = {isa = PBXBuildFile; fileRef = 3C440A9B117EC55000161EBF /* ANTLRCharStreamState.h */; };
		3C440A9E117EC55000161EBF /* ANTLRCharStreamState.m in Sources */ = {isa = PBXBuildFile; fileRef = 3C440A9C117EC55000161EBF /* ANTLRCharStreamState.m */; };
		3C440AA1117EC5CE00161EBF /* ANTLRRecognizerSharedState.h in Headers */ = {isa = PBXBuildFile; fileRef = 3C440A9F117EC5CE00161EBF /* ANTLRRecognizerSharedState.h */; };
		3C440AA2117EC5CE00161EBF /* ANTLRRecognizerSharedState.m in Sources */ = {isa = PBXBuildFile; fileRef = 3C440AA0117EC5CE00161EBF /* ANTLRRecognizerSharedState.m */; };
		3C440AA4117EC61E00161EBF /* ANTLRTokenStream.h in Headers */ = {isa = PBXBuildFile; fileRef = 3C440AA3117EC61E00161EBF /* ANTLRTokenStream.h */; };
		3C440AA7117EC64E00161EBF /* ANTLRCommonToken.h in Headers */ = {isa = PBXBuildFile; fileRef = 3C440AA5117EC64E00161EBF /* ANTLRCommonToken.h */; };
		3C440AA8117EC64E00161EBF /* ANTLRCommonToken.m in Sources */ = {isa = PBXBuildFile; fileRef = 3C440AA6117EC64E00161EBF /* ANTLRCommonToken.m */; };
		3C440AAA117EC69900161EBF /* ANTLRTreeNodeStream.h in Headers */ = {isa = PBXBuildFile; fileRef = 3C440AA9117EC69900161EBF /* ANTLRTreeNodeStream.h */; };
		3C440AAD117EC70B00161EBF /* ANTLRCommonTree.h in Headers */ = {isa = PBXBuildFile; fileRef = 3C440AAB117EC70B00161EBF /* ANTLRCommonTree.h */; };
		3C440AAE117EC70B00161EBF /* ANTLRCommonTree.m in Sources */ = {isa = PBXBuildFile; fileRef = 3C440AAC117EC70B00161EBF /* ANTLRCommonTree.m */; };
		3C440ADF117ECB1D00161EBF /* ANTLRToken.h in Headers */ = {isa = PBXBuildFile; fileRef = 3C440ADE117ECB1D00161EBF /* ANTLRToken.h */; };
		3C4E35531185530B000D0139 /* ANTLRCommonTreeAdaptor.h in Headers */ = {isa = PBXBuildFile; fileRef = 3C4E35511185530B000D0139 /* ANTLRCommonTreeAdaptor.h */; };
		3C4E35541185530B000D0139 /* ANTLRCommonTreeAdaptor.m in Sources */ = {isa = PBXBuildFile; fileRef = 3C4E35521185530B000D0139 /* ANTLRCommonTreeAdaptor.m */; };
		3C4E359F11855D1D000D0139 /* ANTLRCommonTreeNodeStream.h in Headers */ = {isa = PBXBuildFile; fileRef = 3C4E359D11855D1D000D0139 /* ANTLRCommonTreeNodeStream.h */; };
		3C4E35A011855D1D000D0139 /* ANTLRCommonTreeNodeStream.m in Sources */ = {isa = PBXBuildFile; fileRef = 3C4E359E11855D1D000D0139 /* ANTLRCommonTreeNodeStream.m */; };
		3C4E35A311855D49000D0139 /* ANTLRFastQueue.h in Headers */ = {isa = PBXBuildFile; fileRef = 3C4E35A111855D49000D0139 /* ANTLRFastQueue.h */; };
		3C4E35A411855D49000D0139 /* ANTLRFastQueue.m in Sources */ = {isa = PBXBuildFile; fileRef = 3C4E35A211855D49000D0139 /* ANTLRFastQueue.m */; };
		3C4E35A711855D82000D0139 /* ANTLRLookaheadStream.h in Headers */ = {isa = PBXBuildFile; fileRef = 3C4E35A511855D82000D0139 /* ANTLRLookaheadStream.h */; };
		3C4E35A811855D82000D0139 /* ANTLRLookaheadStream.m in Sources */ = {isa = PBXBuildFile; fileRef = 3C4E35A611855D82000D0139 /* ANTLRLookaheadStream.m */; };
		3C8549AB118162F600618CAD /* ANTLRTreeAdaptor.m in Sources */ = {isa = PBXBuildFile; fileRef = 3C8549A9118162F600618CAD /* ANTLRTreeAdaptor.m */; };
		3C8549EC118190D200618CAD /* ANTLRCommonErrorNode.h in Headers */ = {isa = PBXBuildFile; fileRef = 3C8549EA118190D200618CAD /* ANTLRCommonErrorNode.h */; };
		3C8549ED118190D200618CAD /* ANTLRCommonErrorNode.m in Sources */ = {isa = PBXBuildFile; fileRef = 3C8549EB118190D200618CAD /* ANTLRCommonErrorNode.m */; };
		3C854A491182B3E000618CAD /* ANTLRRecognitionException.h in Headers */ = {isa = PBXBuildFile; fileRef = 3C854A471182B3E000618CAD /* ANTLRRecognitionException.h */; };
		3C854A4A1182B3E000618CAD /* ANTLRRecognitionException.m in Sources */ = {isa = PBXBuildFile; fileRef = 3C854A481182B3E000618CAD /* ANTLRRecognitionException.m */; };
		3C854A6B1182B70000618CAD /* ANTLRMismatchedTokenException.h in Headers */ = {isa = PBXBuildFile; fileRef = 3C854A691182B70000618CAD /* ANTLRMismatchedTokenException.h */; };
		3C854A6C1182B70000618CAD /* ANTLRMismatchedTokenException.m in Sources */ = {isa = PBXBuildFile; fileRef = 3C854A6A1182B70000618CAD /* ANTLRMismatchedTokenException.m */; };
		3C854A871182BFAD00618CAD /* ANTLRMissingTokenException.h in Headers */ = {isa = PBXBuildFile; fileRef = 3C854A851182BFAD00618CAD /* ANTLRMissingTokenException.h */; };
		3C854A881182BFAD00618CAD /* ANTLRMissingTokenException.m in Sources */ = {isa = PBXBuildFile; fileRef = 3C854A861182BFAD00618CAD /* ANTLRMissingTokenException.m */; };
		3C854AFA1183F80200618CAD /* ANTLRTreeAdaptor.h in Headers */ = {isa = PBXBuildFile; fileRef = 3C8549A8118162F600618CAD /* ANTLRTreeAdaptor.h */; };
		3C854B101183F85600618CAD /* ANTLRUnwantedTokenException.h in Headers */ = {isa = PBXBuildFile; fileRef = 3C854B0E1183F85600618CAD /* ANTLRUnwantedTokenException.h */; };
		3C854B111183F85600618CAD /* ANTLRUnwantedTokenException.m in Sources */ = {isa = PBXBuildFile; fileRef = 3C854B0F1183F85600618CAD /* ANTLRUnwantedTokenException.m */; };
		3C854B301184015C00618CAD /* ANTLRNoViableAltException.h in Headers */ = {isa = PBXBuildFile; fileRef = 3C854B2E1184015C00618CAD /* ANTLRNoViableAltException.h */; };
		3C854B311184015C00618CAD /* ANTLRNoViableAltException.m in Sources */ = {isa = PBXBuildFile; fileRef = 3C854B2F1184015C00618CAD /* ANTLRNoViableAltException.m */; };
		8DC2EF530486A6940098B216 /* InfoPlist.strings in Resources */ = {isa = PBXBuildFile; fileRef = 089C1666FE841158C02AAC07 /* InfoPlist.strings */; };
		8DC2EF570486A6940098B216 /* Cocoa.framework in Frameworks */ = {isa = PBXBuildFile; fileRef = 1058C7B1FEA5585E11CA2CBB /* Cocoa.framework */; };
/* End PBXBuildFile section */

/* Begin PBXFileReference section */
		0867D69BFE84028FC02AAC07 /* Foundation.framework */ = {isa = PBXFileReference; lastKnownFileType = wrapper.framework; name = Foundation.framework; path = /System/Library/Frameworks/Foundation.framework; sourceTree = "<absolute>"; };
		0867D6A5FE840307C02AAC07 /* AppKit.framework */ = {isa = PBXFileReference; lastKnownFileType = wrapper.framework; name = AppKit.framework; path = /System/Library/Frameworks/AppKit.framework; sourceTree = "<absolute>"; };
		089C1667FE841158C02AAC07 /* English */ = {isa = PBXFileReference; fileEncoding = 4; lastKnownFileType = text.plist.strings; name = English; path = English.lproj/InfoPlist.strings; sourceTree = "<group>"; };
		1058C7B1FEA5585E11CA2CBB /* Cocoa.framework */ = {isa = PBXFileReference; lastKnownFileType = wrapper.framework; name = Cocoa.framework; path = /System/Library/Frameworks/Cocoa.framework; sourceTree = "<absolute>"; };
		32DBCF5E0370ADEE00C91783 /* ANTLR_Prefix.pch */ = {isa = PBXFileReference; fileEncoding = 4; lastKnownFileType = sourcecode.c.h; path = ANTLR_Prefix.pch; sourceTree = "<group>"; };
		3C440A78117EC2EE00161EBF /* ANTLRTree.h */ = {isa = PBXFileReference; fileEncoding = 4; lastKnownFileType = sourcecode.c.h; path = ANTLRTree.h; sourceTree = "<group>"; };
		3C440A79117EC2EE00161EBF /* ANTLRTree.m */ = {isa = PBXFileReference; fileEncoding = 4; lastKnownFileType = sourcecode.c.objc; path = ANTLRTree.m; sourceTree = "<group>"; };
		3C440A7C117EC31A00161EBF /* ANTLRIntStream.h */ = {isa = PBXFileReference; fileEncoding = 4; lastKnownFileType = sourcecode.c.h; path = ANTLRIntStream.h; sourceTree = "<group>"; };
		3C440A7E117EC32700161EBF /* ANTLRCharStream.h */ = {isa = PBXFileReference; fileEncoding = 4; lastKnownFileType = sourcecode.c.h; path = ANTLRCharStream.h; sourceTree = "<group>"; };
		3C440A83117EC37800161EBF /* ANTLRBitSet.h */ = {isa = PBXFileReference; fileEncoding = 4; lastKnownFileType = sourcecode.c.h; path = ANTLRBitSet.h; sourceTree = "<group>"; };
		3C440A84117EC37800161EBF /* ANTLRBitSet.m */ = {isa = PBXFileReference; fileEncoding = 4; lastKnownFileType = sourcecode.c.objc; path = ANTLRBitSet.m; sourceTree = "<group>"; };
		3C440A8F117EC3DE00161EBF /* ANTLRTokenSource.h */ = {isa = PBXFileReference; fileEncoding = 4; lastKnownFileType = sourcecode.c.h; path = ANTLRTokenSource.h; sourceTree = "<group>"; };
		3C440A91117EC3FA00161EBF /* ANTLR.h */ = {isa = PBXFileReference; fileEncoding = 4; lastKnownFileType = sourcecode.c.h; path = ANTLR.h; sourceTree = "<group>"; };
		3C440A94117EC45D00161EBF /* ANTLRStringStream.h */ = {isa = PBXFileReference; fileEncoding = 4; lastKnownFileType = sourcecode.c.h; path = ANTLRStringStream.h; sourceTree = "<group>"; };
		3C440A95117EC45D00161EBF /* ANTLRStringStream.m */ = {isa = PBXFileReference; fileEncoding = 4; lastKnownFileType = sourcecode.c.objc; path = ANTLRStringStream.m; sourceTree = "<group>"; };
		3C440A9A117EC4CB00161EBF /* ANTLRError.h */ = {isa = PBXFileReference; fileEncoding = 4; lastKnownFileType = sourcecode.c.h; path = ANTLRError.h; sourceTree = "<group>"; };
		3C440A9B117EC55000161EBF /* ANTLRCharStreamState.h */ = {isa = PBXFileReference; fileEncoding = 4; lastKnownFileType = sourcecode.c.h; path = ANTLRCharStreamState.h; sourceTree = "<group>"; };
		3C440A9C117EC55000161EBF /* ANTLRCharStreamState.m */ = {isa = PBXFileReference; fileEncoding = 4; lastKnownFileType = sourcecode.c.objc; path = ANTLRCharStreamState.m; sourceTree = "<group>"; };
		3C440A9F117EC5CE00161EBF /* ANTLRRecognizerSharedState.h */ = {isa = PBXFileReference; fileEncoding = 4; lastKnownFileType = sourcecode.c.h; path = ANTLRRecognizerSharedState.h; sourceTree = "<group>"; };
		3C440AA0117EC5CE00161EBF /* ANTLRRecognizerSharedState.m */ = {isa = PBXFileReference; fileEncoding = 4; lastKnownFileType = sourcecode.c.objc; path = ANTLRRecognizerSharedState.m; sourceTree = "<group>"; };
		3C440AA3117EC61E00161EBF /* ANTLRTokenStream.h */ = {isa = PBXFileReference; fileEncoding = 4; lastKnownFileType = sourcecode.c.h; path = ANTLRTokenStream.h; sourceTree = "<group>"; };
		3C440AA5117EC64E00161EBF /* ANTLRCommonToken.h */ = {isa = PBXFileReference; fileEncoding = 4; lastKnownFileType = sourcecode.c.h; path = ANTLRCommonToken.h; sourceTree = "<group>"; };
		3C440AA6117EC64E00161EBF /* ANTLRCommonToken.m */ = {isa = PBXFileReference; fileEncoding = 4; lastKnownFileType = sourcecode.c.objc; path = ANTLRCommonToken.m; sourceTree = "<group>"; };
		3C440AA9117EC69900161EBF /* ANTLRTreeNodeStream.h */ = {isa = PBXFileReference; fileEncoding = 4; lastKnownFileType = sourcecode.c.h; path = ANTLRTreeNodeStream.h; sourceTree = "<group>"; };
		3C440AAB117EC70B00161EBF /* ANTLRCommonTree.h */ = {isa = PBXFileReference; fileEncoding = 4; lastKnownFileType = sourcecode.c.h; path = ANTLRCommonTree.h; sourceTree = "<group>"; };
		3C440AAC117EC70B00161EBF /* ANTLRCommonTree.m */ = {isa = PBXFileReference; fileEncoding = 4; lastKnownFileType = sourcecode.c.objc; path = ANTLRCommonTree.m; sourceTree = "<group>"; };
		3C440ADE117ECB1D00161EBF /* ANTLRToken.h */ = {isa = PBXFileReference; fileEncoding = 4; lastKnownFileType = sourcecode.c.h; path = ANTLRToken.h; sourceTree = "<group>"; };
		3C4E35511185530B000D0139 /* ANTLRCommonTreeAdaptor.h */ = {isa = PBXFileReference; fileEncoding = 4; lastKnownFileType = sourcecode.c.h; path = ANTLRCommonTreeAdaptor.h; sourceTree = "<group>"; };
		3C4E35521185530B000D0139 /* ANTLRCommonTreeAdaptor.m */ = {isa = PBXFileReference; fileEncoding = 4; lastKnownFileType = sourcecode.c.objc; path = ANTLRCommonTreeAdaptor.m; sourceTree = "<group>"; };
		3C4E359D11855D1D000D0139 /* ANTLRCommonTreeNodeStream.h */ = {isa = PBXFileReference; fileEncoding = 4; lastKnownFileType = sourcecode.c.h; path = ANTLRCommonTreeNodeStream.h; sourceTree = "<group>"; };
		3C4E359E11855D1D000D0139 /* ANTLRCommonTreeNodeStream.m */ = {isa = PBXFileReference; fileEncoding = 4; lastKnownFileType = sourcecode.c.objc; path = ANTLRCommonTreeNodeStream.m; sourceTree = "<group>"; };
		3C4E35A111855D49000D0139 /* ANTLRFastQueue.h */ = {isa = PBXFileReference; fileEncoding = 4; lastKnownFileType = sourcecode.c.h; path = ANTLRFastQueue.h; sourceTree = "<group>"; };
		3C4E35A211855D49000D0139 /* ANTLRFastQueue.m */ = {isa = PBXFileReference; fileEncoding = 4; lastKnownFileType = sourcecode.c.objc; path = ANTLRFastQueue.m; sourceTree = "<group>"; };
		3C4E35A511855D82000D0139 /* ANTLRLookaheadStream.h */ = {isa = PBXFileReference; fileEncoding = 4; lastKnownFileType = sourcecode.c.h; path = ANTLRLookaheadStream.h; sourceTree = "<group>"; };
		3C4E35A611855D82000D0139 /* ANTLRLookaheadStream.m */ = {isa = PBXFileReference; fileEncoding = 4; lastKnownFileType = sourcecode.c.objc; path = ANTLRLookaheadStream.m; sourceTree = "<group>"; };
		3C8549A8118162F600618CAD /* ANTLRTreeAdaptor.h */ = {isa = PBXFileReference; fileEncoding = 4; lastKnownFileType = sourcecode.c.h; path = ANTLRTreeAdaptor.h; sourceTree = "<group>"; };
		3C8549A9118162F600618CAD /* ANTLRTreeAdaptor.m */ = {isa = PBXFileReference; fileEncoding = 4; lastKnownFileType = sourcecode.c.objc; path = ANTLRTreeAdaptor.m; sourceTree = "<group>"; };
		3C8549EA118190D200618CAD /* ANTLRCommonErrorNode.h */ = {isa = PBXFileReference; fileEncoding = 4; lastKnownFileType = sourcecode.c.h; path = ANTLRCommonErrorNode.h; sourceTree = "<group>"; };
		3C8549EB118190D200618CAD /* ANTLRCommonErrorNode.m */ = {isa = PBXFileReference; fileEncoding = 4; lastKnownFileType = sourcecode.c.objc; path = ANTLRCommonErrorNode.m; sourceTree = "<group>"; };
		3C854A471182B3E000618CAD /* ANTLRRecognitionException.h */ = {isa = PBXFileReference; fileEncoding = 4; lastKnownFileType = sourcecode.c.h; path = ANTLRRecognitionException.h; sourceTree = "<group>"; };
		3C854A481182B3E000618CAD /* ANTLRRecognitionException.m */ = {isa = PBXFileReference; fileEncoding = 4; lastKnownFileType = sourcecode.c.objc; path = ANTLRRecognitionException.m; sourceTree = "<group>"; };
		3C854A691182B70000618CAD /* ANTLRMismatchedTokenException.h */ = {isa = PBXFileReference; fileEncoding = 4; lastKnownFileType = sourcecode.c.h; path = ANTLRMismatchedTokenException.h; sourceTree = "<group>"; };
		3C854A6A1182B70000618CAD /* ANTLRMismatchedTokenException.m */ = {isa = PBXFileReference; fileEncoding = 4; lastKnownFileType = sourcecode.c.objc; path = ANTLRMismatchedTokenException.m; sourceTree = "<group>"; };
		3C854A851182BFAD00618CAD /* ANTLRMissingTokenException.h */ = {isa = PBXFileReference; fileEncoding = 4; lastKnownFileType = sourcecode.c.h; path = ANTLRMissingTokenException.h; sourceTree = "<group>"; };
		3C854A861182BFAD00618CAD /* ANTLRMissingTokenException.m */ = {isa = PBXFileReference; fileEncoding = 4; lastKnownFileType = sourcecode.c.objc; path = ANTLRMissingTokenException.m; sourceTree = "<group>"; };
		3C854B0E1183F85600618CAD /* ANTLRUnwantedTokenException.h */ = {isa = PBXFileReference; fileEncoding = 4; lastKnownFileType = sourcecode.c.h; path = ANTLRUnwantedTokenException.h; sourceTree = "<group>"; };
		3C854B0F1183F85600618CAD /* ANTLRUnwantedTokenException.m */ = {isa = PBXFileReference; fileEncoding = 4; lastKnownFileType = sourcecode.c.objc; path = ANTLRUnwantedTokenException.m; sourceTree = "<group>"; };
		3C854B2E1184015C00618CAD /* ANTLRNoViableAltException.h */ = {isa = PBXFileReference; fileEncoding = 4; lastKnownFileType = sourcecode.c.h; path = ANTLRNoViableAltException.h; sourceTree = "<group>"; };
		3C854B2F1184015C00618CAD /* ANTLRNoViableAltException.m */ = {isa = PBXFileReference; fileEncoding = 4; lastKnownFileType = sourcecode.c.objc; path = ANTLRNoViableAltException.m; sourceTree = "<group>"; };
		8DC2EF5A0486A6940098B216 /* Info.plist */ = {isa = PBXFileReference; fileEncoding = 4; lastKnownFileType = text.plist.xml; path = Info.plist; sourceTree = "<group>"; };
		8DC2EF5B0486A6940098B216 /* ANTLR.framework */ = {isa = PBXFileReference; explicitFileType = wrapper.framework; includeInIndex = 0; path = ANTLR.framework; sourceTree = BUILT_PRODUCTS_DIR; };
		D2F7E79907B2D74100F64583 /* CoreData.framework */ = {isa = PBXFileReference; lastKnownFileType = wrapper.framework; name = CoreData.framework; path = /System/Library/Frameworks/CoreData.framework; sourceTree = "<absolute>"; };
/* End PBXFileReference section */

/* Begin PBXFrameworksBuildPhase section */
		8DC2EF560486A6940098B216 /* Frameworks */ = {
			isa = PBXFrameworksBuildPhase;
			buildActionMask = 2147483647;
			files = (
				8DC2EF570486A6940098B216 /* Cocoa.framework in Frameworks */,
			);
			runOnlyForDeploymentPostprocessing = 0;
		};
/* End PBXFrameworksBuildPhase section */

/* Begin PBXGroup section */
		034768DFFF38A50411DB9C8B /* Products */ = {
			isa = PBXGroup;
			children = (
				8DC2EF5B0486A6940098B216 /* ANTLR.framework */,
			);
			name = Products;
			sourceTree = "<group>";
		};
		0867D691FE84028FC02AAC07 /* ANTLR */ = {
			isa = PBXGroup;
			children = (
				08FB77AEFE84172EC02AAC07 /* Classes */,
				32C88DFF0371C24200C91783 /* Other Sources */,
				089C1665FE841158C02AAC07 /* Resources */,
				0867D69AFE84028FC02AAC07 /* External Frameworks and Libraries */,
				034768DFFF38A50411DB9C8B /* Products */,
			);
			name = ANTLR;
			sourceTree = "<group>";
		};
		0867D69AFE84028FC02AAC07 /* External Frameworks and Libraries */ = {
			isa = PBXGroup;
			children = (
				1058C7B0FEA5585E11CA2CBB /* Linked Frameworks */,
				1058C7B2FEA5585E11CA2CBB /* Other Frameworks */,
			);
			name = "External Frameworks and Libraries";
			sourceTree = "<group>";
		};
		089C1665FE841158C02AAC07 /* Resources */ = {
			isa = PBXGroup;
			children = (
				8DC2EF5A0486A6940098B216 /* Info.plist */,
				089C1666FE841158C02AAC07 /* InfoPlist.strings */,
			);
			name = Resources;
			sourceTree = "<group>";
		};
		08FB77AEFE84172EC02AAC07 /* Classes */ = {
			isa = PBXGroup;
			children = (
				3C404382117EC1D1002C5A3F /* runtime */,
			);
			name = Classes;
			sourceTree = "<group>";
		};
		1058C7B0FEA5585E11CA2CBB /* Linked Frameworks */ = {
			isa = PBXGroup;
			children = (
				1058C7B1FEA5585E11CA2CBB /* Cocoa.framework */,
			);
			name = "Linked Frameworks";
			sourceTree = "<group>";
		};
		1058C7B2FEA5585E11CA2CBB /* Other Frameworks */ = {
			isa = PBXGroup;
			children = (
				0867D6A5FE840307C02AAC07 /* AppKit.framework */,
				D2F7E79907B2D74100F64583 /* CoreData.framework */,
				0867D69BFE84028FC02AAC07 /* Foundation.framework */,
			);
			name = "Other Frameworks";
			sourceTree = "<group>";
		};
		32C88DFF0371C24200C91783 /* Other Sources */ = {
			isa = PBXGroup;
			children = (
				32DBCF5E0370ADEE00C91783 /* ANTLR_Prefix.pch */,
			);
			name = "Other Sources";
			sourceTree = "<group>";
		};
		3C404382117EC1D1002C5A3F /* runtime */ = {
			isa = PBXGroup;
			children = (
				3C854A451182B3D200618CAD /* debugging */,
				3C854A461182B3D200618CAD /* misc */,
				3C854A441182B3BB00618CAD /* exceptions */,
				3C440A82117EC36600161EBF /* sets */,
				3C404383117EC1D1002C5A3F /* dfa */,
				3C404384117EC1D1002C5A3F /* recognizer */,
				3C404385117EC1D1002C5A3F /* stream */,
				3C404386117EC1D1002C5A3F /* token */,
				3C404387117EC1D1002C5A3F /* tree */,
				3C440A91117EC3FA00161EBF /* ANTLR.h */,
				3C440A9A117EC4CB00161EBF /* ANTLRError.h */,
			);
			name = runtime;
			path = src/main/runtime;
			sourceTree = "<group>";
		};
		3C404383117EC1D1002C5A3F /* dfa */ = {
			isa = PBXGroup;
			children = (
			);
			path = dfa;
			sourceTree = "<group>";
		};
		3C404384117EC1D1002C5A3F /* recognizer */ = {
			isa = PBXGroup;
			children = (
				3C440A9F117EC5CE00161EBF /* ANTLRRecognizerSharedState.h */,
				3C440AA0117EC5CE00161EBF /* ANTLRRecognizerSharedState.m */,
			);
			path = recognizer;
			sourceTree = "<group>";
		};
		3C404385117EC1D1002C5A3F /* stream */ = {
			isa = PBXGroup;
			children = (
				3C440A7C117EC31A00161EBF /* ANTLRIntStream.h */,
				3C440A7E117EC32700161EBF /* ANTLRCharStream.h */,
				3C440A8F117EC3DE00161EBF /* ANTLRTokenSource.h */,
				3C440A94117EC45D00161EBF /* ANTLRStringStream.h */,
				3C440A95117EC45D00161EBF /* ANTLRStringStream.m */,
				3C440A9B117EC55000161EBF /* ANTLRCharStreamState.h */,
				3C440A9C117EC55000161EBF /* ANTLRCharStreamState.m */,
				3C440AA3117EC61E00161EBF /* ANTLRTokenStream.h */,
				3C440AA9117EC69900161EBF /* ANTLRTreeNodeStream.h */,
				3C4E359D11855D1D000D0139 /* ANTLRCommonTreeNodeStream.h */,
				3C4E359E11855D1D000D0139 /* ANTLRCommonTreeNodeStream.m */,
				3C4E35A511855D82000D0139 /* ANTLRLookaheadStream.h */,
				3C4E35A611855D82000D0139 /* ANTLRLookaheadStream.m */,
			);
			path = stream;
			sourceTree = "<group>";
		};
		3C404386117EC1D1002C5A3F /* token */ = {
			isa = PBXGroup;
			children = (
				3C440ADE117ECB1D00161EBF /* ANTLRToken.h */,
				3C440AA5117EC64E00161EBF /* ANTLRCommonToken.h */,
				3C440AA6117EC64E00161EBF /* ANTLRCommonToken.m */,
			);
			path = token;
			sourceTree = "<group>";
		};
		3C404387117EC1D1002C5A3F /* tree */ = {
			isa = PBXGroup;
			children = (
				3C440A78117EC2EE00161EBF /* ANTLRTree.h */,
				3C440A79117EC2EE00161EBF /* ANTLRTree.m */,
				3C440AAB117EC70B00161EBF /* ANTLRCommonTree.h */,
				3C440AAC117EC70B00161EBF /* ANTLRCommonTree.m */,
				3C8549A8118162F600618CAD /* ANTLRTreeAdaptor.h */,
				3C8549A9118162F600618CAD /* ANTLRTreeAdaptor.m */,
				3C8549EA118190D200618CAD /* ANTLRCommonErrorNode.h */,
				3C8549EB118190D200618CAD /* ANTLRCommonErrorNode.m */,
				3C4E35511185530B000D0139 /* ANTLRCommonTreeAdaptor.h */,
				3C4E35521185530B000D0139 /* ANTLRCommonTreeAdaptor.m */,
			);
			path = tree;
			sourceTree = "<group>";
		};
		3C440A82117EC36600161EBF /* sets */ = {
			isa = PBXGroup;
			children = (
				3C440A83117EC37800161EBF /* ANTLRBitSet.h */,
				3C440A84117EC37800161EBF /* ANTLRBitSet.m */,
			);
			path = sets;
			sourceTree = "<group>";
		};
		3C854A441182B3BB00618CAD /* exceptions */ = {
			isa = PBXGroup;
			children = (
				3C854A471182B3E000618CAD /* ANTLRRecognitionException.h */,
				3C854A481182B3E000618CAD /* ANTLRRecognitionException.m */,
				3C854A691182B70000618CAD /* ANTLRMismatchedTokenException.h */,
				3C854A6A1182B70000618CAD /* ANTLRMismatchedTokenException.m */,
				3C854A851182BFAD00618CAD /* ANTLRMissingTokenException.h */,
				3C854A861182BFAD00618CAD /* ANTLRMissingTokenException.m */,
				3C854B0E1183F85600618CAD /* ANTLRUnwantedTokenException.h */,
				3C854B0F1183F85600618CAD /* ANTLRUnwantedTokenException.m */,
				3C854B2E1184015C00618CAD /* ANTLRNoViableAltException.h */,
				3C854B2F1184015C00618CAD /* ANTLRNoViableAltException.m */,
			);
			path = exceptions;
			sourceTree = "<group>";
		};
		3C854A451182B3D200618CAD /* debugging */ = {
			isa = PBXGroup;
			children = (
			);
			path = debugging;
			sourceTree = "<group>";
		};
		3C854A461182B3D200618CAD /* misc */ = {
			isa = PBXGroup;
			children = (
				3C4E35A111855D49000D0139 /* ANTLRFastQueue.h */,
				3C4E35A211855D49000D0139 /* ANTLRFastQueue.m */,
			);
			path = misc;
			sourceTree = "<group>";
		};
/* End PBXGroup section */

/* Begin PBXHeadersBuildPhase section */
		8DC2EF500486A6940098B216 /* Headers */ = {
			isa = PBXHeadersBuildPhase;
			buildActionMask = 2147483647;
			files = (
				3C854AFA1183F80200618CAD /* ANTLRTreeAdaptor.h in Headers */,
				3C440A7A117EC2EE00161EBF /* ANTLRTree.h in Headers */,
				3C440A7D117EC31A00161EBF /* ANTLRIntStream.h in Headers */,
				3C440A7F117EC32700161EBF /* ANTLRCharStream.h in Headers */,
				3C440A85117EC37800161EBF /* ANTLRBitSet.h in Headers */,
				3C440A90117EC3DE00161EBF /* ANTLRTokenSource.h in Headers */,
				3C440A92117EC3FA00161EBF /* ANTLR.h in Headers */,
				3C440A96117EC45D00161EBF /* ANTLRStringStream.h in Headers */,
				3C440A9D117EC55000161EBF /* ANTLRCharStreamState.h in Headers */,
				3C440AA1117EC5CE00161EBF /* ANTLRRecognizerSharedState.h in Headers */,
				3C440AA4117EC61E00161EBF /* ANTLRTokenStream.h in Headers */,
				3C440AA7117EC64E00161EBF /* ANTLRCommonToken.h in Headers */,
				3C440AAA117EC69900161EBF /* ANTLRTreeNodeStream.h in Headers */,
				3C440AAD117EC70B00161EBF /* ANTLRCommonTree.h in Headers */,
				3C440ADF117ECB1D00161EBF /* ANTLRToken.h in Headers */,
				3C8549EC118190D200618CAD /* ANTLRCommonErrorNode.h in Headers */,
				3C854A491182B3E000618CAD /* ANTLRRecognitionException.h in Headers */,
				3C854A6B1182B70000618CAD /* ANTLRMismatchedTokenException.h in Headers */,
				3C854A871182BFAD00618CAD /* ANTLRMissingTokenException.h in Headers */,
				3C854B101183F85600618CAD /* ANTLRUnwantedTokenException.h in Headers */,
				3C854B301184015C00618CAD /* ANTLRNoViableAltException.h in Headers */,
				3C4E35531185530B000D0139 /* ANTLRCommonTreeAdaptor.h in Headers */,
				3C4E359F11855D1D000D0139 /* ANTLRCommonTreeNodeStream.h in Headers */,
				3C4E35A311855D49000D0139 /* ANTLRFastQueue.h in Headers */,
				3C4E35A711855D82000D0139 /* ANTLRLookaheadStream.h in Headers */,
			);
			runOnlyForDeploymentPostprocessing = 0;
		};
/* End PBXHeadersBuildPhase section */

/* Begin PBXNativeTarget section */
		8DC2EF4F0486A6940098B216 /* ANTLR */ = {
			isa = PBXNativeTarget;
			buildConfigurationList = 1DEB91AD08733DA50010E9CD /* Build configuration list for PBXNativeTarget "ANTLR" */;
			buildPhases = (
				8DC2EF500486A6940098B216 /* Headers */,
				8DC2EF520486A6940098B216 /* Resources */,
				8DC2EF540486A6940098B216 /* Sources */,
				8DC2EF560486A6940098B216 /* Frameworks */,
			);
			buildRules = (
			);
			dependencies = (
			);
			name = ANTLR;
			productInstallPath = "$(HOME)/Library/Frameworks";
			productName = ANTLR;
			productReference = 8DC2EF5B0486A6940098B216 /* ANTLR.framework */;
			productType = "com.apple.product-type.framework";
		};
/* End PBXNativeTarget section */

/* Begin PBXProject section */
		0867D690FE84028FC02AAC07 /* Project object */ = {
			isa = PBXProject;
			buildConfigurationList = 1DEB91B108733DA50010E9CD /* Build configuration list for PBXProject "ANTLR" */;
			compatibilityVersion = "Xcode 3.1";
			hasScannedForEncodings = 1;
			mainGroup = 0867D691FE84028FC02AAC07 /* ANTLR */;
			productRefGroup = 034768DFFF38A50411DB9C8B /* Products */;
			projectDirPath = "";
			projectRoot = "";
			targets = (
				8DC2EF4F0486A6940098B216 /* ANTLR */,
			);
		};
/* End PBXProject section */

/* Begin PBXResourcesBuildPhase section */
		8DC2EF520486A6940098B216 /* Resources */ = {
			isa = PBXResourcesBuildPhase;
			buildActionMask = 2147483647;
			files = (
				8DC2EF530486A6940098B216 /* InfoPlist.strings in Resources */,
			);
			runOnlyForDeploymentPostprocessing = 0;
		};
/* End PBXResourcesBuildPhase section */

/* Begin PBXSourcesBuildPhase section */
		8DC2EF540486A6940098B216 /* Sources */ = {
			isa = PBXSourcesBuildPhase;
			buildActionMask = 2147483647;
			files = (
				3C440A7B117EC2EE00161EBF /* ANTLRTree.m in Sources */,
				3C440A86117EC37800161EBF /* ANTLRBitSet.m in Sources */,
				3C440A97117EC45D00161EBF /* ANTLRStringStream.m in Sources */,
				3C440A9E117EC55000161EBF /* ANTLRCharStreamState.m in Sources */,
				3C440AA2117EC5CE00161EBF /* ANTLRRecognizerSharedState.m in Sources */,
				3C440AA8117EC64E00161EBF /* ANTLRCommonToken.m in Sources */,
				3C440AAE117EC70B00161EBF /* ANTLRCommonTree.m in Sources */,
				3C8549AB118162F600618CAD /* ANTLRTreeAdaptor.m in Sources */,
				3C8549ED118190D200618CAD /* ANTLRCommonErrorNode.m in Sources */,
				3C854A4A1182B3E000618CAD /* ANTLRRecognitionException.m in Sources */,
				3C854A6C1182B70000618CAD /* ANTLRMismatchedTokenException.m in Sources */,
				3C854A881182BFAD00618CAD /* ANTLRMissingTokenException.m in Sources */,
				3C854B111183F85600618CAD /* ANTLRUnwantedTokenException.m in Sources */,
				3C854B311184015C00618CAD /* ANTLRNoViableAltException.m in Sources */,
				3C4E35541185530B000D0139 /* ANTLRCommonTreeAdaptor.m in Sources */,
				3C4E35A011855D1D000D0139 /* ANTLRCommonTreeNodeStream.m in Sources */,
				3C4E35A411855D49000D0139 /* ANTLRFastQueue.m in Sources */,
				3C4E35A811855D82000D0139 /* ANTLRLookaheadStream.m in Sources */,
			);
			runOnlyForDeploymentPostprocessing = 0;
		};
/* End PBXSourcesBuildPhase section */

/* Begin PBXVariantGroup section */
		089C1666FE841158C02AAC07 /* InfoPlist.strings */ = {
			isa = PBXVariantGroup;
			children = (
				089C1667FE841158C02AAC07 /* English */,
			);
			name = InfoPlist.strings;
			sourceTree = "<group>";
		};
/* End PBXVariantGroup section */

/* Begin XCBuildConfiguration section */
		1DEB91AE08733DA50010E9CD /* Debug */ = {
			isa = XCBuildConfiguration;
			buildSettings = {
				ALWAYS_SEARCH_USER_PATHS = NO;
				COPY_PHASE_STRIP = NO;
				DYLIB_COMPATIBILITY_VERSION = 1;
				DYLIB_CURRENT_VERSION = 1;
				FRAMEWORK_VERSION = A;
				GCC_DYNAMIC_NO_PIC = NO;
				GCC_ENABLE_FIX_AND_CONTINUE = YES;
				GCC_MODEL_TUNING = G5;
				GCC_OPTIMIZATION_LEVEL = 0;
				GCC_PRECOMPILE_PREFIX_HEADER = YES;
				GCC_PREFIX_HEADER = ANTLR_Prefix.pch;
				INFOPLIST_FILE = Info.plist;
				INSTALL_PATH = "$(HOME)/Library/Frameworks";
				PRODUCT_NAME = ANTLR;
				WRAPPER_EXTENSION = framework;
			};
			name = Debug;
		};
		1DEB91AF08733DA50010E9CD /* Release */ = {
			isa = XCBuildConfiguration;
			buildSettings = {
				ALWAYS_SEARCH_USER_PATHS = NO;
				DEBUG_INFORMATION_FORMAT = "dwarf-with-dsym";
				DYLIB_COMPATIBILITY_VERSION = 1;
				DYLIB_CURRENT_VERSION = 1;
				FRAMEWORK_VERSION = A;
				GCC_MODEL_TUNING = G5;
				GCC_PRECOMPILE_PREFIX_HEADER = YES;
				GCC_PREFIX_HEADER = ANTLR_Prefix.pch;
				INFOPLIST_FILE = Info.plist;
				INSTALL_PATH = "$(HOME)/Library/Frameworks";
				PRODUCT_NAME = ANTLR;
				WRAPPER_EXTENSION = framework;
			};
			name = Release;
		};
		1DEB91B208733DA50010E9CD /* Debug */ = {
			isa = XCBuildConfiguration;
			buildSettings = {
				ARCHS = "$(ARCHS_STANDARD_32_64_BIT)";
				GCC_C_LANGUAGE_STANDARD = gnu99;
				GCC_OPTIMIZATION_LEVEL = 0;
				GCC_WARN_ABOUT_RETURN_TYPE = YES;
				GCC_WARN_UNUSED_VARIABLE = YES;
				ONLY_ACTIVE_ARCH = YES;
				PREBINDING = NO;
				SDKROOT = macosx10.6;
			};
			name = Debug;
		};
		1DEB91B308733DA50010E9CD /* Release */ = {
			isa = XCBuildConfiguration;
			buildSettings = {
				ARCHS = "$(ARCHS_STANDARD_32_64_BIT)";
				GCC_C_LANGUAGE_STANDARD = gnu99;
				GCC_WARN_ABOUT_RETURN_TYPE = YES;
				GCC_WARN_UNUSED_VARIABLE = YES;
				PREBINDING = NO;
				SDKROOT = macosx10.6;
			};
			name = Release;
		};
/* End XCBuildConfiguration section */

/* Begin XCConfigurationList section */
		1DEB91AD08733DA50010E9CD /* Build configuration list for PBXNativeTarget "ANTLR" */ = {
			isa = XCConfigurationList;
			buildConfigurations = (
				1DEB91AE08733DA50010E9CD /* Debug */,
				1DEB91AF08733DA50010E9CD /* Release */,
			);
			defaultConfigurationIsVisible = 0;
			defaultConfigurationName = Release;
		};
		1DEB91B108733DA50010E9CD /* Build configuration list for PBXProject "ANTLR" */ = {
			isa = XCConfigurationList;
			buildConfigurations = (
				1DEB91B208733DA50010E9CD /* Debug */,
				1DEB91B308733DA50010E9CD /* Release */,
			);
			defaultConfigurationIsVisible = 0;
			defaultConfigurationName = Release;
		};
/* End XCConfigurationList section */
	};
	rootObject = 0867D690FE84028FC02AAC07 /* Project object */;
}
